
Microsoft Visual Studio Solution File, Format Version 12.00
# Visual Studio Version 17
VisualStudioVersion = 17.4.33205.214
MinimumVisualStudioVersion = 10.0.40219.1
Project("{9A19103F-16F7-4668-BE54-9A1E7A4F7556}") = "CoachingProject1", "CoachingProject1\CoachingProject1.csproj", "{0E347D26-9385-424A-B560-74CAFDE084E6}"
EndProject
Project("{2150E333-8FDC-42A3-9474-1A3956D46DE8}") = "Solution Items", "Solution Items", "{3A2A4A96-6241-4172-84E8-AFC658ED19F0}"
EndProject
Global
	GlobalSection(SolutionConfigurationPlatforms) = preSolution
		Debug|Any CPU = Debug|Any CPU
		Release|Any CPU = Release|Any CPU
	EndGlobalSection
	GlobalSection(ProjectConfigurationPlatforms) = postSolution
		{0E347D26-9385-424A-B560-74CAFDE084E6}.Debug|Any CPU.ActiveCfg = Debug|Any CPU
		{0E347D26-9385-424A-B560-74CAFDE084E6}.Debug|Any CPU.Build.0 = Debug|Any CPU
		{0E347D26-9385-424A-B560-74CAFDE084E6}.Release|Any CPU.ActiveCfg = Release|Any CPU
		{0E347D26-9385-424A-B560-74CAFDE084E6}.Release|Any CPU.Build.0 = Release|Any CPU
	EndGlobalSection
	GlobalSection(SolutionProperties) = preSolution
		HideSolutionNode = FALSE
	EndGlobalSection
	GlobalSection(ExtensibilityGlobals) = postSolution
		SolutionGuid = {11235E74-C009-42C3-9D8F-145727CFCC71}
	EndGlobalSection
EndGlobal
